
Microsoft Visual Studio Solution File, Format Version 12.00
# Visual Studio 15
VisualStudioVersion = 15.0.28307.421
MinimumVisualStudioVersion = 10.0.40219.1
Project("{FAE04EC0-301F-11D3-BF4B-00C04F79EFBC}") = "View", "View\View.csproj", "{5040656A-92D3-4B2C-94A5-C996FA440AB8}"
EndProject
Project("{FAE04EC0-301F-11D3-BF4B-00C04F79EFBC}") = "Model", "Model\Model.csproj", "{4AF46ABA-7F60-4DFA-95FE-FADA8576B7E9}"
EndProject
Project("{FAE04EC0-301F-11D3-BF4B-00C04F79EFBC}") = "Repositorio", "Repositorio\Repositorio.csproj", "{E296B191-9681-45D7-8362-FAA2E1B5AEEB}"
EndProject
Global
	GlobalSection(SolutionConfigurationPlatforms) = preSolution
		Debug|Any CPU = Debug|Any CPU
		Release|Any CPU = Release|Any CPU
	EndGlobalSection
	GlobalSection(ProjectConfigurationPlatforms) = postSolution
		{5040656A-92D3-4B2C-94A5-C996FA440AB8}.Debug|Any CPU.ActiveCfg = Debug|Any CPU
		{5040656A-92D3-4B2C-94A5-C996FA440AB8}.Debug|Any CPU.Build.0 = Debug|Any CPU
		{5040656A-92D3-4B2C-94A5-C996FA440AB8}.Release|Any CPU.ActiveCfg = Release|Any CPU
		{5040656A-92D3-4B2C-94A5-C996FA440AB8}.Release|Any CPU.Build.0 = Release|Any CPU
		{4AF46ABA-7F60-4DFA-95FE-FADA8576B7E9}.Debug|Any CPU.ActiveCfg = Debug|Any CPU
		{4AF46ABA-7F60-4DFA-95FE-FADA8576B7E9}.Debug|Any CPU.Build.0 = Debug|Any CPU
		{4AF46ABA-7F60-4DFA-95FE-FADA8576B7E9}.Release|Any CPU.ActiveCfg = Release|Any CPU
		{4AF46ABA-7F60-4DFA-95FE-FADA8576B7E9}.Release|Any CPU.Build.0 = Release|Any CPU
		{E296B191-9681-45D7-8362-FAA2E1B5AEEB}.Debug|Any CPU.ActiveCfg = Debug|Any CPU
		{E296B191-9681-45D7-8362-FAA2E1B5AEEB}.Debug|Any CPU.Build.0 = Debug|Any CPU
		{E296B191-9681-45D7-8362-FAA2E1B5AEEB}.Release|Any CPU.ActiveCfg = Release|Any CPU
		{E296B191-9681-45D7-8362-FAA2E1B5AEEB}.Release|Any CPU.Build.0 = Release|Any CPU
	EndGlobalSection
	GlobalSection(SolutionProperties) = preSolution
		HideSolutionNode = FALSE
	EndGlobalSection
	GlobalSection(ExtensibilityGlobals) = postSolution
		SolutionGuid = {56F92FBE-6DAD-4176-B3C8-3610A9BF6A6A}
	EndGlobalSection
EndGlobal
